// !$*UTF8*$!
{
	archiveVersion = 1;
	classes = {
	};
	objectVersion = 60;
	objects = {

/* Begin PBXBuildFile section */
		3301072B2ADEFE4300102264 /* View+navigationOverlay.swift in Sources */ = {isa = PBXBuildFile; fileRef = 3301072A2ADEFE4300102264 /* View+navigationOverlay.swift */; };
		3301072E2ADEFEBF00102264 /* RoundedRectangleButtonStyle.swift in Sources */ = {isa = PBXBuildFile; fileRef = 3301072D2ADEFEBF00102264 /* RoundedRectangleButtonStyle.swift */; };
		3323F6CD2AE1C3F300C715B1 /* DependenciesAdditions in Frameworks */ = {isa = PBXBuildFile; productRef = 3323F6CC2AE1C3F300C715B1 /* DependenciesAdditions */; };
		3323F6CF2AE1C3F300C715B1 /* _AppStorageDependency in Frameworks */ = {isa = PBXBuildFile; productRef = 3323F6CE2AE1C3F300C715B1 /* _AppStorageDependency */; };
		3323F6D12AE1C3F300C715B1 /* _CoreDataDependency in Frameworks */ = {isa = PBXBuildFile; productRef = 3323F6D02AE1C3F300C715B1 /* _CoreDataDependency */; };
		3323F6D32AE1C3F300C715B1 /* _NotificationDependency in Frameworks */ = {isa = PBXBuildFile; productRef = 3323F6D22AE1C3F300C715B1 /* _NotificationDependency */; };
		3323F6D52AE1C3F300C715B1 /* _SwiftUIDependency in Frameworks */ = {isa = PBXBuildFile; productRef = 3323F6D42AE1C3F300C715B1 /* _SwiftUIDependency */; };
		3323F6D82AE1C52300C715B1 /* Tagged in Frameworks */ = {isa = PBXBuildFile; productRef = 3323F6D72AE1C52300C715B1 /* Tagged */; };
		3323F6DB2AE1CB9400C715B1 /* UserDefaults.Dependency+.swift in Sources */ = {isa = PBXBuildFile; fileRef = 3323F6DA2AE1CB9400C715B1 /* UserDefaults.Dependency+.swift */; };
		332B30182AEAF23500E507E8 /* UserDefaultsClient+Settings.swift in Sources */ = {isa = PBXBuildFile; fileRef = 332B30172AEAF23500E507E8 /* UserDefaultsClient+Settings.swift */; };
		332B301A2AEAF25200E507E8 /* SoundClient+InstrumentTuning.swift in Sources */ = {isa = PBXBuildFile; fileRef = 332B30192AEAF25200E507E8 /* SoundClient+InstrumentTuning.swift */; };
		332B301C2AEAF29400E507E8 /* SoundClient+Instrument.swift in Sources */ = {isa = PBXBuildFile; fileRef = 332B301B2AEAF29400E507E8 /* SoundClient+Instrument.swift */; };
		337C29B52AEBEEF1004FB6BD /* Tonic in Frameworks */ = {isa = PBXBuildFile; productRef = 337C29B42AEBEEF1004FB6BD /* Tonic */; };
		337C29BC2AEBF418004FB6BD /* Tonic+.swift in Sources */ = {isa = PBXBuildFile; fileRef = 337C29BB2AEBF418004FB6BD /* Tonic+.swift */; };
		33C200D82ADDCC5B00EBC52A /* Main.swift in Sources */ = {isa = PBXBuildFile; fileRef = 33C200D72ADDCC5B00EBC52A /* Main.swift */; };
		33C200DA2ADDCC5B00EBC52A /* AppReducer.swift in Sources */ = {isa = PBXBuildFile; fileRef = 33C200D92ADDCC5B00EBC52A /* AppReducer.swift */; };
		33C200DC2ADDCC5D00EBC52A /* Assets.xcassets in Resources */ = {isa = PBXBuildFile; fileRef = 33C200DB2ADDCC5D00EBC52A /* Assets.xcassets */; };
		33C200DF2ADDCC5D00EBC52A /* Preview Assets.xcassets in Resources */ = {isa = PBXBuildFile; fileRef = 33C200DE2ADDCC5D00EBC52A /* Preview Assets.xcassets */; };
		33C200E92ADDCC5D00EBC52A /* GuitarTunerTests.swift in Sources */ = {isa = PBXBuildFile; fileRef = 33C200E82ADDCC5D00EBC52A /* GuitarTunerTests.swift */; };
		33C201072ADDCD6B00EBC52A /* ComposableArchitecture in Frameworks */ = {isa = PBXBuildFile; productRef = 33C201062ADDCD6B00EBC52A /* ComposableArchitecture */; };
		33C201092ADDCE3C00EBC52A /* SoundClient.swift in Sources */ = {isa = PBXBuildFile; fileRef = 33C201082ADDCE3C00EBC52A /* SoundClient.swift */; };
		33C2010F2ADDD55C00EBC52A /* SoundClient+live.swift in Sources */ = {isa = PBXBuildFile; fileRef = 33C2010E2ADDD55C00EBC52A /* SoundClient+live.swift */; };
		33D48A0A2AE74AC8000D66C9 /* Electric.sf2 in Resources */ = {isa = PBXBuildFile; fileRef = 33D48A062AE74AC8000D66C9 /* Electric.sf2 */; };
		33D48A0B2AE74AC8000D66C9 /* Acoustic.sf2 in Resources */ = {isa = PBXBuildFile; fileRef = 33D48A072AE74AC8000D66C9 /* Acoustic.sf2 */; };
		33D48A0C2AE74AC8000D66C9 /* Bass.sf2 in Resources */ = {isa = PBXBuildFile; fileRef = 33D48A082AE74AC8000D66C9 /* Bass.sf2 */; };
		33D48A0D2AE74AC8000D66C9 /* Ukelele.sf2 in Resources */ = {isa = PBXBuildFile; fileRef = 33D48A092AE74AC8000D66C9 /* Ukelele.sf2 */; };
/* End PBXBuildFile section */

/* Begin PBXContainerItemProxy section */
		33C200E52ADDCC5D00EBC52A /* PBXContainerItemProxy */ = {
			isa = PBXContainerItemProxy;
			containerPortal = 33C200CC2ADDCC5B00EBC52A /* Project object */;
			proxyType = 1;
			remoteGlobalIDString = 33C200D32ADDCC5B00EBC52A;
			remoteInfo = GuitarTuner;
		};
/* End PBXContainerItemProxy section */

/* Begin PBXFileReference section */
		3301072A2ADEFE4300102264 /* View+navigationOverlay.swift */ = {isa = PBXFileReference; lastKnownFileType = sourcecode.swift; path = "View+navigationOverlay.swift"; sourceTree = "<group>"; };
		3301072D2ADEFEBF00102264 /* RoundedRectangleButtonStyle.swift */ = {isa = PBXFileReference; lastKnownFileType = sourcecode.swift; path = RoundedRectangleButtonStyle.swift; sourceTree = "<group>"; };
		3323F6DA2AE1CB9400C715B1 /* UserDefaults.Dependency+.swift */ = {isa = PBXFileReference; lastKnownFileType = sourcecode.swift; path = "UserDefaults.Dependency+.swift"; sourceTree = "<group>"; };
		332B30172AEAF23500E507E8 /* UserDefaultsClient+Settings.swift */ = {isa = PBXFileReference; lastKnownFileType = sourcecode.swift; path = "UserDefaultsClient+Settings.swift"; sourceTree = "<group>"; };
		332B30192AEAF25200E507E8 /* SoundClient+InstrumentTuning.swift */ = {isa = PBXFileReference; lastKnownFileType = sourcecode.swift; path = "SoundClient+InstrumentTuning.swift"; sourceTree = "<group>"; };
		332B301B2AEAF29400E507E8 /* SoundClient+Instrument.swift */ = {isa = PBXFileReference; lastKnownFileType = sourcecode.swift; path = "SoundClient+Instrument.swift"; sourceTree = "<group>"; };
		3365F7B32AEB2E1000014C39 /* Info.plist */ = {isa = PBXFileReference; lastKnownFileType = text.plist; path = Info.plist; sourceTree = "<group>"; };
		337C29BB2AEBF418004FB6BD /* Tonic+.swift */ = {isa = PBXFileReference; lastKnownFileType = sourcecode.swift; path = "Tonic+.swift"; sourceTree = "<group>"; };
		33C200D42ADDCC5B00EBC52A /* GuitarTuner.app */ = {isa = PBXFileReference; explicitFileType = wrapper.application; includeInIndex = 0; path = GuitarTuner.app; sourceTree = BUILT_PRODUCTS_DIR; };
		33C200D72ADDCC5B00EBC52A /* Main.swift */ = {isa = PBXFileReference; lastKnownFileType = sourcecode.swift; path = Main.swift; sourceTree = "<group>"; };
		33C200D92ADDCC5B00EBC52A /* AppReducer.swift */ = {isa = PBXFileReference; lastKnownFileType = sourcecode.swift; path = AppReducer.swift; sourceTree = "<group>"; };
		33C200DB2ADDCC5D00EBC52A /* Assets.xcassets */ = {isa = PBXFileReference; lastKnownFileType = folder.assetcatalog; path = Assets.xcassets; sourceTree = "<group>"; };
		33C200DE2ADDCC5D00EBC52A /* Preview Assets.xcassets */ = {isa = PBXFileReference; lastKnownFileType = folder.assetcatalog; path = "Preview Assets.xcassets"; sourceTree = "<group>"; };
		33C200E42ADDCC5D00EBC52A /* GuitarTunerTests.xctest */ = {isa = PBXFileReference; explicitFileType = wrapper.cfbundle; includeInIndex = 0; path = GuitarTunerTests.xctest; sourceTree = BUILT_PRODUCTS_DIR; };
		33C200E82ADDCC5D00EBC52A /* GuitarTunerTests.swift */ = {isa = PBXFileReference; lastKnownFileType = sourcecode.swift; path = GuitarTunerTests.swift; sourceTree = "<group>"; };
		33C201082ADDCE3C00EBC52A /* SoundClient.swift */ = {isa = PBXFileReference; lastKnownFileType = sourcecode.swift; path = SoundClient.swift; sourceTree = "<group>"; };
		33C2010E2ADDD55C00EBC52A /* SoundClient+live.swift */ = {isa = PBXFileReference; lastKnownFileType = sourcecode.swift; path = "SoundClient+live.swift"; sourceTree = "<group>"; };
		33D48A062AE74AC8000D66C9 /* Electric.sf2 */ = {isa = PBXFileReference; lastKnownFileType = file; path = Electric.sf2; sourceTree = "<group>"; };
		33D48A072AE74AC8000D66C9 /* Acoustic.sf2 */ = {isa = PBXFileReference; lastKnownFileType = file; path = Acoustic.sf2; sourceTree = "<group>"; };
		33D48A082AE74AC8000D66C9 /* Bass.sf2 */ = {isa = PBXFileReference; lastKnownFileType = file; path = Bass.sf2; sourceTree = "<group>"; };
		33D48A092AE74AC8000D66C9 /* Ukelele.sf2 */ = {isa = PBXFileReference; lastKnownFileType = file; path = Ukelele.sf2; sourceTree = "<group>"; };
/* End PBXFileReference section */

/* Begin PBXFrameworksBuildPhase section */
		33C200D12ADDCC5B00EBC52A /* Frameworks */ = {
			isa = PBXFrameworksBuildPhase;
			buildActionMask = 2147483647;
			files = (
				3323F6D12AE1C3F300C715B1 /* _CoreDataDependency in Frameworks */,
				3323F6CF2AE1C3F300C715B1 /* _AppStorageDependency in Frameworks */,
				337C29B52AEBEEF1004FB6BD /* Tonic in Frameworks */,
				33C201072ADDCD6B00EBC52A /* ComposableArchitecture in Frameworks */,
				3323F6D32AE1C3F300C715B1 /* _NotificationDependency in Frameworks */,
				3323F6CD2AE1C3F300C715B1 /* DependenciesAdditions in Frameworks */,
				3323F6D52AE1C3F300C715B1 /* _SwiftUIDependency in Frameworks */,
				3323F6D82AE1C52300C715B1 /* Tagged in Frameworks */,
			);
			runOnlyForDeploymentPostprocessing = 0;
		};
		33C200E12ADDCC5D00EBC52A /* Frameworks */ = {
			isa = PBXFrameworksBuildPhase;
			buildActionMask = 2147483647;
			files = (
			);
			runOnlyForDeploymentPostprocessing = 0;
		};
/* End PBXFrameworksBuildPhase section */

/* Begin PBXGroup section */
		330107282ADEFE2E00102264 /* SwiftUI */ = {
			isa = PBXGroup;
			children = (
				3301072C2ADEFEB300102264 /* ButtonStyles */,
				330107292ADEFE3700102264 /* ViewModifiers */,
			);
			path = SwiftUI;
			sourceTree = "<group>";
		};
		330107292ADEFE3700102264 /* ViewModifiers */ = {
			isa = PBXGroup;
			children = (
				3301072A2ADEFE4300102264 /* View+navigationOverlay.swift */,
			);
			path = ViewModifiers;
			sourceTree = "<group>";
		};
		3301072C2ADEFEB300102264 /* ButtonStyles */ = {
			isa = PBXGroup;
			children = (
				3301072D2ADEFEBF00102264 /* RoundedRectangleButtonStyle.swift */,
			);
			path = ButtonStyles;
			sourceTree = "<group>";
		};
		33212AD32AEAFCB70052234C /* AppReducer */ = {
			isa = PBXGroup;
			children = (
				33C200D92ADDCC5B00EBC52A /* AppReducer.swift */,
			);
			path = AppReducer;
			sourceTree = "<group>";
		};
		3323F6D92AE1CB8A00C715B1 /* Util */ = {
			isa = PBXGroup;
			children = (
				3323F6DA2AE1CB9400C715B1 /* UserDefaults.Dependency+.swift */,
				337C29BB2AEBF418004FB6BD /* Tonic+.swift */,
			);
			path = Util;
			sourceTree = "<group>";
		};
		332B30162AEAF21F00E507E8 /* UserDefaultsClient */ = {
			isa = PBXGroup;
			children = (
				332B30172AEAF23500E507E8 /* UserDefaultsClient+Settings.swift */,
			);
			path = UserDefaultsClient;
			sourceTree = "<group>";
		};
		33C200CB2ADDCC5B00EBC52A = {
			isa = PBXGroup;
			children = (
				33C200D62ADDCC5B00EBC52A /* GuitarTuner */,
				33C200E72ADDCC5D00EBC52A /* GuitarTunerTests */,
				33C200D52ADDCC5B00EBC52A /* Products */,
			);
			sourceTree = "<group>";
		};
		33C200D52ADDCC5B00EBC52A /* Products */ = {
			isa = PBXGroup;
			children = (
				33C200D42ADDCC5B00EBC52A /* GuitarTuner.app */,
				33C200E42ADDCC5D00EBC52A /* GuitarTunerTests.xctest */,
			);
			name = Products;
			sourceTree = "<group>";
		};
		33C200D62ADDCC5B00EBC52A /* GuitarTuner */ = {
			isa = PBXGroup;
			children = (
				3365F7B32AEB2E1000014C39 /* Info.plist */,
				3323F6D92AE1CB8A00C715B1 /* Util */,
				33C201022ADDCD1D00EBC52A /* Dependencies */,
				33C201032ADDCD2300EBC52A /* Features */,
				33C201012ADDCD1700EBC52A /* Resources */,
				330107282ADEFE2E00102264 /* SwiftUI */,
			);
			path = GuitarTuner;
			sourceTree = "<group>";
		};
		33C200DD2ADDCC5D00EBC52A /* Preview Content */ = {
			isa = PBXGroup;
			children = (
				33C200DE2ADDCC5D00EBC52A /* Preview Assets.xcassets */,
			);
			path = "Preview Content";
			sourceTree = "<group>";
		};
		33C200E72ADDCC5D00EBC52A /* GuitarTunerTests */ = {
			isa = PBXGroup;
			children = (
				33C200E82ADDCC5D00EBC52A /* GuitarTunerTests.swift */,
			);
			path = GuitarTunerTests;
			sourceTree = "<group>";
		};
		33C201012ADDCD1700EBC52A /* Resources */ = {
			isa = PBXGroup;
			children = (
				33C201042ADDCD3800EBC52A /* Soundfonts */,
				33C200DD2ADDCC5D00EBC52A /* Preview Content */,
				33C200DB2ADDCC5D00EBC52A /* Assets.xcassets */,
				33C200D72ADDCC5B00EBC52A /* Main.swift */,
			);
			path = Resources;
			sourceTree = "<group>";
		};
		33C201022ADDCD1D00EBC52A /* Dependencies */ = {
			isa = PBXGroup;
			children = (
				332B30162AEAF21F00E507E8 /* UserDefaultsClient */,
				33C201102ADDD55E00EBC52A /* SoundClient */,
			);
			path = Dependencies;
			sourceTree = "<group>";
		};
		33C201032ADDCD2300EBC52A /* Features */ = {
			isa = PBXGroup;
			children = (
				33212AD32AEAFCB70052234C /* AppReducer */,
			);
			path = Features;
			sourceTree = "<group>";
		};
		33C201042ADDCD3800EBC52A /* Soundfonts */ = {
			isa = PBXGroup;
			children = (
				33D48A072AE74AC8000D66C9 /* Acoustic.sf2 */,
				33D48A082AE74AC8000D66C9 /* Bass.sf2 */,
				33D48A062AE74AC8000D66C9 /* Electric.sf2 */,
				33D48A092AE74AC8000D66C9 /* Ukelele.sf2 */,
			);
			path = Soundfonts;
			sourceTree = "<group>";
		};
		33C201102ADDD55E00EBC52A /* SoundClient */ = {
			isa = PBXGroup;
			children = (
				33D48A0E2AE74B1E000D66C9 /* _Models */,
				33C201082ADDCE3C00EBC52A /* SoundClient.swift */,
				33C2010E2ADDD55C00EBC52A /* SoundClient+live.swift */,
			);
			path = SoundClient;
			sourceTree = "<group>";
		};
		33D48A0E2AE74B1E000D66C9 /* _Models */ = {
			isa = PBXGroup;
			children = (
				332B30192AEAF25200E507E8 /* SoundClient+InstrumentTuning.swift */,
				332B301B2AEAF29400E507E8 /* SoundClient+Instrument.swift */,
			);
			path = _Models;
			sourceTree = "<group>";
		};
/* End PBXGroup section */

/* Begin PBXNativeTarget section */
		33C200D32ADDCC5B00EBC52A /* GuitarTuner */ = {
			isa = PBXNativeTarget;
			buildConfigurationList = 33C200F82ADDCC5D00EBC52A /* Build configuration list for PBXNativeTarget "GuitarTuner" */;
			buildPhases = (
				33C200D02ADDCC5B00EBC52A /* Sources */,
				33C200D12ADDCC5B00EBC52A /* Frameworks */,
				33C200D22ADDCC5B00EBC52A /* Resources */,
			);
			buildRules = (
			);
			dependencies = (
			);
			name = GuitarTuner;
			packageProductDependencies = (
				33C201062ADDCD6B00EBC52A /* ComposableArchitecture */,
				3323F6CC2AE1C3F300C715B1 /* DependenciesAdditions */,
				3323F6CE2AE1C3F300C715B1 /* _AppStorageDependency */,
				3323F6D02AE1C3F300C715B1 /* _CoreDataDependency */,
				3323F6D22AE1C3F300C715B1 /* _NotificationDependency */,
				3323F6D42AE1C3F300C715B1 /* _SwiftUIDependency */,
				3323F6D72AE1C52300C715B1 /* Tagged */,
				337C29B42AEBEEF1004FB6BD /* Tonic */,
			);
			productName = GuitarTuner;
			productReference = 33C200D42ADDCC5B00EBC52A /* GuitarTuner.app */;
			productType = "com.apple.product-type.application";
		};
		33C200E32ADDCC5D00EBC52A /* GuitarTunerTests */ = {
			isa = PBXNativeTarget;
			buildConfigurationList = 33C200FB2ADDCC5D00EBC52A /* Build configuration list for PBXNativeTarget "GuitarTunerTests" */;
			buildPhases = (
				33C200E02ADDCC5D00EBC52A /* Sources */,
				33C200E12ADDCC5D00EBC52A /* Frameworks */,
				33C200E22ADDCC5D00EBC52A /* Resources */,
			);
			buildRules = (
			);
			dependencies = (
				33C200E62ADDCC5D00EBC52A /* PBXTargetDependency */,
			);
			name = GuitarTunerTests;
			productName = GuitarTunerTests;
			productReference = 33C200E42ADDCC5D00EBC52A /* GuitarTunerTests.xctest */;
			productType = "com.apple.product-type.bundle.unit-test";
		};
/* End PBXNativeTarget section */

/* Begin PBXProject section */
		33C200CC2ADDCC5B00EBC52A /* Project object */ = {
			isa = PBXProject;
			attributes = {
				BuildIndependentTargetsInParallel = 1;
				LastSwiftUpdateCheck = 1500;
				LastUpgradeCheck = 1500;
				TargetAttributes = {
					33C200D32ADDCC5B00EBC52A = {
						CreatedOnToolsVersion = 15.0;
					};
					33C200E32ADDCC5D00EBC52A = {
						CreatedOnToolsVersion = 15.0;
						TestTargetID = 33C200D32ADDCC5B00EBC52A;
					};
				};
			};
			buildConfigurationList = 33C200CF2ADDCC5B00EBC52A /* Build configuration list for PBXProject "GuitarTuner" */;
			compatibilityVersion = "Xcode 15.0";
			developmentRegion = en;
			hasScannedForEncodings = 0;
			knownRegions = (
				en,
				Base,
			);
			mainGroup = 33C200CB2ADDCC5B00EBC52A;
			packageReferences = (
				33C201052ADDCD6B00EBC52A /* XCRemoteSwiftPackageReference "swift-composable-architecture" */,
				3323F6CB2AE1C3F300C715B1 /* XCRemoteSwiftPackageReference "swift-dependencies-additions" */,
				3323F6D62AE1C52300C715B1 /* XCRemoteSwiftPackageReference "swift-tagged" */,
				337C29B32AEBEEF1004FB6BD /* XCRemoteSwiftPackageReference "Tonic" */,
			);
			productRefGroup = 33C200D52ADDCC5B00EBC52A /* Products */;
			projectDirPath = "";
			projectRoot = "";
			targets = (
				33C200D32ADDCC5B00EBC52A /* GuitarTuner */,
				33C200E32ADDCC5D00EBC52A /* GuitarTunerTests */,
			);
		};
/* End PBXProject section */

/* Begin PBXResourcesBuildPhase section */
		33C200D22ADDCC5B00EBC52A /* Resources */ = {
			isa = PBXResourcesBuildPhase;
			buildActionMask = 2147483647;
			files = (
				33D48A0B2AE74AC8000D66C9 /* Acoustic.sf2 in Resources */,
				33D48A0A2AE74AC8000D66C9 /* Electric.sf2 in Resources */,
				33C200DF2ADDCC5D00EBC52A /* Preview Assets.xcassets in Resources */,
				33D48A0D2AE74AC8000D66C9 /* Ukelele.sf2 in Resources */,
				33D48A0C2AE74AC8000D66C9 /* Bass.sf2 in Resources */,
				33C200DC2ADDCC5D00EBC52A /* Assets.xcassets in Resources */,
			);
			runOnlyForDeploymentPostprocessing = 0;
		};
		33C200E22ADDCC5D00EBC52A /* Resources */ = {
			isa = PBXResourcesBuildPhase;
			buildActionMask = 2147483647;
			files = (
			);
			runOnlyForDeploymentPostprocessing = 0;
		};
/* End PBXResourcesBuildPhase section */

/* Begin PBXSourcesBuildPhase section */
		33C200D02ADDCC5B00EBC52A /* Sources */ = {
			isa = PBXSourcesBuildPhase;
			buildActionMask = 2147483647;
			files = (
				3301072E2ADEFEBF00102264 /* RoundedRectangleButtonStyle.swift in Sources */,
				33C201092ADDCE3C00EBC52A /* SoundClient.swift in Sources */,
				33C2010F2ADDD55C00EBC52A /* SoundClient+live.swift in Sources */,
				33C200DA2ADDCC5B00EBC52A /* AppReducer.swift in Sources */,
				33C200D82ADDCC5B00EBC52A /* Main.swift in Sources */,
				332B301C2AEAF29400E507E8 /* SoundClient+Instrument.swift in Sources */,
				332B301A2AEAF25200E507E8 /* SoundClient+InstrumentTuning.swift in Sources */,
				3323F6DB2AE1CB9400C715B1 /* UserDefaults.Dependency+.swift in Sources */,
				332B30182AEAF23500E507E8 /* UserDefaultsClient+Settings.swift in Sources */,
				337C29BC2AEBF418004FB6BD /* Tonic+.swift in Sources */,
				3301072B2ADEFE4300102264 /* View+navigationOverlay.swift in Sources */,
			);
			runOnlyForDeploymentPostprocessing = 0;
		};
		33C200E02ADDCC5D00EBC52A /* Sources */ = {
			isa = PBXSourcesBuildPhase;
			buildActionMask = 2147483647;
			files = (
				33C200E92ADDCC5D00EBC52A /* GuitarTunerTests.swift in Sources */,
			);
			runOnlyForDeploymentPostprocessing = 0;
		};
/* End PBXSourcesBuildPhase section */

/* Begin PBXTargetDependency section */
		33C200E62ADDCC5D00EBC52A /* PBXTargetDependency */ = {
			isa = PBXTargetDependency;
			target = 33C200D32ADDCC5B00EBC52A /* GuitarTuner */;
			targetProxy = 33C200E52ADDCC5D00EBC52A /* PBXContainerItemProxy */;
		};
/* End PBXTargetDependency section */

/* Begin XCBuildConfiguration section */
		33C200F62ADDCC5D00EBC52A /* Debug */ = {
			isa = XCBuildConfiguration;
			buildSettings = {
				ALWAYS_SEARCH_USER_PATHS = NO;
				ASSETCATALOG_COMPILER_GENERATE_SWIFT_ASSET_SYMBOL_EXTENSIONS = YES;
				CLANG_ANALYZER_NONNULL = YES;
				CLANG_ANALYZER_NUMBER_OBJECT_CONVERSION = YES_AGGRESSIVE;
				CLANG_CXX_LANGUAGE_STANDARD = "gnu++20";
				CLANG_ENABLE_MODULES = YES;
				CLANG_ENABLE_OBJC_ARC = YES;
				CLANG_ENABLE_OBJC_WEAK = YES;
				CLANG_WARN_BLOCK_CAPTURE_AUTORELEASING = YES;
				CLANG_WARN_BOOL_CONVERSION = YES;
				CLANG_WARN_COMMA = YES;
				CLANG_WARN_CONSTANT_CONVERSION = YES;
				CLANG_WARN_DEPRECATED_OBJC_IMPLEMENTATIONS = YES;
				CLANG_WARN_DIRECT_OBJC_ISA_USAGE = YES_ERROR;
				CLANG_WARN_DOCUMENTATION_COMMENTS = YES;
				CLANG_WARN_EMPTY_BODY = YES;
				CLANG_WARN_ENUM_CONVERSION = YES;
				CLANG_WARN_INFINITE_RECURSION = YES;
				CLANG_WARN_INT_CONVERSION = YES;
				CLANG_WARN_NON_LITERAL_NULL_CONVERSION = YES;
				CLANG_WARN_OBJC_IMPLICIT_RETAIN_SELF = YES;
				CLANG_WARN_OBJC_LITERAL_CONVERSION = YES;
				CLANG_WARN_OBJC_ROOT_CLASS = YES_ERROR;
				CLANG_WARN_QUOTED_INCLUDE_IN_FRAMEWORK_HEADER = YES;
				CLANG_WARN_RANGE_LOOP_ANALYSIS = YES;
				CLANG_WARN_STRICT_PROTOTYPES = YES;
				CLANG_WARN_SUSPICIOUS_MOVE = YES;
				CLANG_WARN_UNGUARDED_AVAILABILITY = YES_AGGRESSIVE;
				CLANG_WARN_UNREACHABLE_CODE = YES;
				CLANG_WARN__DUPLICATE_METHOD_MATCH = YES;
				COPY_PHASE_STRIP = NO;
				DEBUG_INFORMATION_FORMAT = dwarf;
				ENABLE_STRICT_OBJC_MSGSEND = YES;
				ENABLE_TESTABILITY = YES;
				ENABLE_USER_SCRIPT_SANDBOXING = YES;
				GCC_C_LANGUAGE_STANDARD = gnu17;
				GCC_DYNAMIC_NO_PIC = NO;
				GCC_NO_COMMON_BLOCKS = YES;
				GCC_OPTIMIZATION_LEVEL = 0;
				GCC_PREPROCESSOR_DEFINITIONS = (
					"DEBUG=1",
					"$(inherited)",
				);
				GCC_WARN_64_TO_32_BIT_CONVERSION = YES;
				GCC_WARN_ABOUT_RETURN_TYPE = YES_ERROR;
				GCC_WARN_UNDECLARED_SELECTOR = YES;
				GCC_WARN_UNINITIALIZED_AUTOS = YES_AGGRESSIVE;
				GCC_WARN_UNUSED_FUNCTION = YES;
				GCC_WARN_UNUSED_VARIABLE = YES;
				IPHONEOS_DEPLOYMENT_TARGET = 16.0;
				LOCALIZATION_PREFERS_STRING_CATALOGS = YES;
				MTL_ENABLE_DEBUG_INFO = INCLUDE_SOURCE;
				MTL_FAST_MATH = YES;
				ONLY_ACTIVE_ARCH = YES;
				SDKROOT = iphoneos;
				SWIFT_ACTIVE_COMPILATION_CONDITIONS = "DEBUG $(inherited)";
				SWIFT_OPTIMIZATION_LEVEL = "-Onone";
			};
			name = Debug;
		};
		33C200F72ADDCC5D00EBC52A /* Release */ = {
			isa = XCBuildConfiguration;
			buildSettings = {
				ALWAYS_SEARCH_USER_PATHS = NO;
				ASSETCATALOG_COMPILER_GENERATE_SWIFT_ASSET_SYMBOL_EXTENSIONS = YES;
				CLANG_ANALYZER_NONNULL = YES;
				CLANG_ANALYZER_NUMBER_OBJECT_CONVERSION = YES_AGGRESSIVE;
				CLANG_CXX_LANGUAGE_STANDARD = "gnu++20";
				CLANG_ENABLE_MODULES = YES;
				CLANG_ENABLE_OBJC_ARC = YES;
				CLANG_ENABLE_OBJC_WEAK = YES;
				CLANG_WARN_BLOCK_CAPTURE_AUTORELEASING = YES;
				CLANG_WARN_BOOL_CONVERSION = YES;
				CLANG_WARN_COMMA = YES;
				CLANG_WARN_CONSTANT_CONVERSION = YES;
				CLANG_WARN_DEPRECATED_OBJC_IMPLEMENTATIONS = YES;
				CLANG_WARN_DIRECT_OBJC_ISA_USAGE = YES_ERROR;
				CLANG_WARN_DOCUMENTATION_COMMENTS = YES;
				CLANG_WARN_EMPTY_BODY = YES;
				CLANG_WARN_ENUM_CONVERSION = YES;
				CLANG_WARN_INFINITE_RECURSION = YES;
				CLANG_WARN_INT_CONVERSION = YES;
				CLANG_WARN_NON_LITERAL_NULL_CONVERSION = YES;
				CLANG_WARN_OBJC_IMPLICIT_RETAIN_SELF = YES;
				CLANG_WARN_OBJC_LITERAL_CONVERSION = YES;
				CLANG_WARN_OBJC_ROOT_CLASS = YES_ERROR;
				CLANG_WARN_QUOTED_INCLUDE_IN_FRAMEWORK_HEADER = YES;
				CLANG_WARN_RANGE_LOOP_ANALYSIS = YES;
				CLANG_WARN_STRICT_PROTOTYPES = YES;
				CLANG_WARN_SUSPICIOUS_MOVE = YES;
				CLANG_WARN_UNGUARDED_AVAILABILITY = YES_AGGRESSIVE;
				CLANG_WARN_UNREACHABLE_CODE = YES;
				CLANG_WARN__DUPLICATE_METHOD_MATCH = YES;
				COPY_PHASE_STRIP = NO;
				DEBUG_INFORMATION_FORMAT = "dwarf-with-dsym";
				ENABLE_NS_ASSERTIONS = NO;
				ENABLE_STRICT_OBJC_MSGSEND = YES;
				ENABLE_USER_SCRIPT_SANDBOXING = YES;
				GCC_C_LANGUAGE_STANDARD = gnu17;
				GCC_NO_COMMON_BLOCKS = YES;
				GCC_WARN_64_TO_32_BIT_CONVERSION = YES;
				GCC_WARN_ABOUT_RETURN_TYPE = YES_ERROR;
				GCC_WARN_UNDECLARED_SELECTOR = YES;
				GCC_WARN_UNINITIALIZED_AUTOS = YES_AGGRESSIVE;
				GCC_WARN_UNUSED_FUNCTION = YES;
				GCC_WARN_UNUSED_VARIABLE = YES;
				IPHONEOS_DEPLOYMENT_TARGET = 16.0;
				LOCALIZATION_PREFERS_STRING_CATALOGS = YES;
				MTL_ENABLE_DEBUG_INFO = NO;
				MTL_FAST_MATH = YES;
				SDKROOT = iphoneos;
				SWIFT_COMPILATION_MODE = wholemodule;
				VALIDATE_PRODUCT = YES;
			};
			name = Release;
		};
		33C200F92ADDCC5D00EBC52A /* Debug */ = {
			isa = XCBuildConfiguration;
			buildSettings = {
				ASSETCATALOG_COMPILER_APPICON_NAME = AppIcon;
				ASSETCATALOG_COMPILER_GLOBAL_ACCENT_COLOR_NAME = AccentColor;
				CODE_SIGN_STYLE = Automatic;
				CURRENT_PROJECT_VERSION = 1;
				DEVELOPMENT_ASSET_PATHS = "\"GuitarTuner/Resources/Preview Content\"";
				DEVELOPMENT_TEAM = ME637H7ZM9;
				ENABLE_PREVIEWS = YES;
				GENERATE_INFOPLIST_FILE = YES;
				INFOPLIST_FILE = GuitarTuner/Info.plist;
				INFOPLIST_KEY_UIApplicationSceneManifest_Generation = YES;
				INFOPLIST_KEY_UIApplicationSupportsIndirectInputEvents = YES;
				INFOPLIST_KEY_UILaunchScreen_Generation = YES;
				INFOPLIST_KEY_UISupportedInterfaceOrientations_iPad = "UIInterfaceOrientationPortrait UIInterfaceOrientationPortraitUpsideDown UIInterfaceOrientationLandscapeLeft UIInterfaceOrientationLandscapeRight";
				INFOPLIST_KEY_UISupportedInterfaceOrientations_iPhone = "UIInterfaceOrientationPortrait UIInterfaceOrientationLandscapeLeft UIInterfaceOrientationLandscapeRight";
				LD_RUNPATH_SEARCH_PATHS = (
					"$(inherited)",
					"@executable_path/Frameworks",
				);
				MARKETING_VERSION = 1.0;
				PRODUCT_BUNDLE_IDENTIFIER = com.deda.GuitarTuner;
				PRODUCT_NAME = "$(TARGET_NAME)";
				SWIFT_EMIT_LOC_STRINGS = YES;
				SWIFT_VERSION = 5.0;
				TARGETED_DEVICE_FAMILY = "1,2";
			};
			name = Debug;
		};
		33C200FA2ADDCC5D00EBC52A /* Release */ = {
			isa = XCBuildConfiguration;
			buildSettings = {
				ASSETCATALOG_COMPILER_APPICON_NAME = AppIcon;
				ASSETCATALOG_COMPILER_GLOBAL_ACCENT_COLOR_NAME = AccentColor;
				CODE_SIGN_STYLE = Automatic;
				CURRENT_PROJECT_VERSION = 1;
				DEVELOPMENT_ASSET_PATHS = "\"GuitarTuner/Resources/Preview Content\"";
				DEVELOPMENT_TEAM = ME637H7ZM9;
				ENABLE_PREVIEWS = YES;
				GENERATE_INFOPLIST_FILE = YES;
				INFOPLIST_FILE = GuitarTuner/Info.plist;
				INFOPLIST_KEY_UIApplicationSceneManifest_Generation = YES;
				INFOPLIST_KEY_UIApplicationSupportsIndirectInputEvents = YES;
				INFOPLIST_KEY_UILaunchScreen_Generation = YES;
				INFOPLIST_KEY_UISupportedInterfaceOrientations_iPad = "UIInterfaceOrientationPortrait UIInterfaceOrientationPortraitUpsideDown UIInterfaceOrientationLandscapeLeft UIInterfaceOrientationLandscapeRight";
				INFOPLIST_KEY_UISupportedInterfaceOrientations_iPhone = "UIInterfaceOrientationPortrait UIInterfaceOrientationLandscapeLeft UIInterfaceOrientationLandscapeRight";
				LD_RUNPATH_SEARCH_PATHS = (
					"$(inherited)",
					"@executable_path/Frameworks",
				);
				MARKETING_VERSION = 1.0;
				PRODUCT_BUNDLE_IDENTIFIER = com.deda.GuitarTuner;
				PRODUCT_NAME = "$(TARGET_NAME)";
				SWIFT_EMIT_LOC_STRINGS = YES;
				SWIFT_VERSION = 5.0;
				TARGETED_DEVICE_FAMILY = "1,2";
			};
			name = Release;
		};
		33C200FC2ADDCC5D00EBC52A /* Debug */ = {
			isa = XCBuildConfiguration;
			buildSettings = {
				ALWAYS_EMBED_SWIFT_STANDARD_LIBRARIES = YES;
				BUNDLE_LOADER = "$(TEST_HOST)";
				CODE_SIGN_STYLE = Automatic;
				CURRENT_PROJECT_VERSION = 1;
				DEVELOPMENT_TEAM = ME637H7ZM9;
				GENERATE_INFOPLIST_FILE = YES;
				IPHONEOS_DEPLOYMENT_TARGET = 17.0;
				MARKETING_VERSION = 1.0;
				PRODUCT_BUNDLE_IDENTIFIER = com.deda.GuitarTunerTests;
				PRODUCT_NAME = "$(TARGET_NAME)";
				SWIFT_EMIT_LOC_STRINGS = NO;
				SWIFT_VERSION = 5.0;
				TARGETED_DEVICE_FAMILY = "1,2";
				TEST_HOST = "$(BUILT_PRODUCTS_DIR)/GuitarTuner.app/$(BUNDLE_EXECUTABLE_FOLDER_PATH)/GuitarTuner";
			};
			name = Debug;
		};
		33C200FD2ADDCC5D00EBC52A /* Release */ = {
			isa = XCBuildConfiguration;
			buildSettings = {
				ALWAYS_EMBED_SWIFT_STANDARD_LIBRARIES = YES;
				BUNDLE_LOADER = "$(TEST_HOST)";
				CODE_SIGN_STYLE = Automatic;
				CURRENT_PROJECT_VERSION = 1;
				DEVELOPMENT_TEAM = ME637H7ZM9;
				GENERATE_INFOPLIST_FILE = YES;
				IPHONEOS_DEPLOYMENT_TARGET = 17.0;
				MARKETING_VERSION = 1.0;
				PRODUCT_BUNDLE_IDENTIFIER = com.deda.GuitarTunerTests;
				PRODUCT_NAME = "$(TARGET_NAME)";
				SWIFT_EMIT_LOC_STRINGS = NO;
				SWIFT_VERSION = 5.0;
				TARGETED_DEVICE_FAMILY = "1,2";
				TEST_HOST = "$(BUILT_PRODUCTS_DIR)/GuitarTuner.app/$(BUNDLE_EXECUTABLE_FOLDER_PATH)/GuitarTuner";
			};
			name = Release;
		};
/* End XCBuildConfiguration section */

/* Begin XCConfigurationList section */
		33C200CF2ADDCC5B00EBC52A /* Build configuration list for PBXProject "GuitarTuner" */ = {
			isa = XCConfigurationList;
			buildConfigurations = (
				33C200F62ADDCC5D00EBC52A /* Debug */,
				33C200F72ADDCC5D00EBC52A /* Release */,
			);
			defaultConfigurationIsVisible = 0;
			defaultConfigurationName = Release;
		};
		33C200F82ADDCC5D00EBC52A /* Build configuration list for PBXNativeTarget "GuitarTuner" */ = {
			isa = XCConfigurationList;
			buildConfigurations = (
				33C200F92ADDCC5D00EBC52A /* Debug */,
				33C200FA2ADDCC5D00EBC52A /* Release */,
			);
			defaultConfigurationIsVisible = 0;
			defaultConfigurationName = Release;
		};
		33C200FB2ADDCC5D00EBC52A /* Build configuration list for PBXNativeTarget "GuitarTunerTests" */ = {
			isa = XCConfigurationList;
			buildConfigurations = (
				33C200FC2ADDCC5D00EBC52A /* Debug */,
				33C200FD2ADDCC5D00EBC52A /* Release */,
			);
			defaultConfigurationIsVisible = 0;
			defaultConfigurationName = Release;
		};
/* End XCConfigurationList section */

/* Begin XCRemoteSwiftPackageReference section */
		3323F6CB2AE1C3F300C715B1 /* XCRemoteSwiftPackageReference "swift-dependencies-additions" */ = {
			isa = XCRemoteSwiftPackageReference;
			repositoryURL = "https://github.com/tgrapperon/swift-dependencies-additions";
			requirement = {
				kind = upToNextMajorVersion;
				minimumVersion = 1.0.0;
			};
		};
		3323F6D62AE1C52300C715B1 /* XCRemoteSwiftPackageReference "swift-tagged" */ = {
			isa = XCRemoteSwiftPackageReference;
			repositoryURL = "https://github.com/pointfreeco/swift-tagged";
			requirement = {
				kind = upToNextMajorVersion;
				minimumVersion = 0.10.0;
			};
		};
		337C29B32AEBEEF1004FB6BD /* XCRemoteSwiftPackageReference "Tonic" */ = {
			isa = XCRemoteSwiftPackageReference;
			repositoryURL = "https://github.com/AudioKit/Tonic";
			requirement = {
				kind = upToNextMajorVersion;
				minimumVersion = 1.0.10;
			};
		};
		33C201052ADDCD6B00EBC52A /* XCRemoteSwiftPackageReference "swift-composable-architecture" */ = {
			isa = XCRemoteSwiftPackageReference;
			repositoryURL = "https://github.com/pointfreeco/swift-composable-architecture";
			requirement = {
				kind = upToNextMajorVersion;
				minimumVersion = 1.2.0;
			};
		};
/* End XCRemoteSwiftPackageReference section */

/* Begin XCSwiftPackageProductDependency section */
		3323F6CC2AE1C3F300C715B1 /* DependenciesAdditions */ = {
			isa = XCSwiftPackageProductDependency;
			package = 3323F6CB2AE1C3F300C715B1 /* XCRemoteSwiftPackageReference "swift-dependencies-additions" */;
			productName = DependenciesAdditions;
		};
		3323F6CE2AE1C3F300C715B1 /* _AppStorageDependency */ = {
			isa = XCSwiftPackageProductDependency;
			package = 3323F6CB2AE1C3F300C715B1 /* XCRemoteSwiftPackageReference "swift-dependencies-additions" */;
			productName = _AppStorageDependency;
		};
		3323F6D02AE1C3F300C715B1 /* _CoreDataDependency */ = {
			isa = XCSwiftPackageProductDependency;
			package = 3323F6CB2AE1C3F300C715B1 /* XCRemoteSwiftPackageReference "swift-dependencies-additions" */;
			productName = _CoreDataDependency;
		};
		3323F6D22AE1C3F300C715B1 /* _NotificationDependency */ = {
			isa = XCSwiftPackageProductDependency;
			package = 3323F6CB2AE1C3F300C715B1 /* XCRemoteSwiftPackageReference "swift-dependencies-additions" */;
			productName = _NotificationDependency;
		};
		3323F6D42AE1C3F300C715B1 /* _SwiftUIDependency */ = {
			isa = XCSwiftPackageProductDependency;
			package = 3323F6CB2AE1C3F300C715B1 /* XCRemoteSwiftPackageReference "swift-dependencies-additions" */;
			productName = _SwiftUIDependency;
		};
		3323F6D72AE1C52300C715B1 /* Tagged */ = {
			isa = XCSwiftPackageProductDependency;
			package = 3323F6D62AE1C52300C715B1 /* XCRemoteSwiftPackageReference "swift-tagged" */;
			productName = Tagged;
		};
		337C29B42AEBEEF1004FB6BD /* Tonic */ = {
			isa = XCSwiftPackageProductDependency;
			package = 337C29B32AEBEEF1004FB6BD /* XCRemoteSwiftPackageReference "Tonic" */;
			productName = Tonic;
		};
		33C201062ADDCD6B00EBC52A /* ComposableArchitecture */ = {
			isa = XCSwiftPackageProductDependency;
			package = 33C201052ADDCD6B00EBC52A /* XCRemoteSwiftPackageReference "swift-composable-architecture" */;
			productName = ComposableArchitecture;
		};
/* End XCSwiftPackageProductDependency section */
	};
	rootObject = 33C200CC2ADDCC5B00EBC52A /* Project object */;
}
